
Microsoft Visual Studio Solution File, Format Version 12.00
# Visual Studio Version 16
VisualStudioVersion = 16.0.30204.135
MinimumVisualStudioVersion = 10.0.40219.1
Project("{FAE04EC0-301F-11D3-BF4B-00C04F79EFBC}") = "BoggleTest", "BoggleTest.csproj", "{7CA78051-D155-480F-9198-29A71C38F79E}"
EndProject
Global
	GlobalSection(SolutionConfigurationPlatforms) = preSolution
		Debug|Any CPU = Debug|Any CPU
		Release|Any CPU = Release|Any CPU
	EndGlobalSection
	GlobalSection(ProjectConfigurationPlatforms) = postSolution
		{7CA78051-D155-480F-9198-29A71C38F79E}.Debug|Any CPU.ActiveCfg = Debug|Any CPU
		{7CA78051-D155-480F-9198-29A71C38F79E}.Debug|Any CPU.Build.0 = Debug|Any CPU
		{7CA78051-D155-480F-9198-29A71C38F79E}.Release|Any CPU.ActiveCfg = Release|Any CPU
		{7CA78051-D155-480F-9198-29A71C38F79E}.Release|Any CPU.Build.0 = Release|Any CPU
	EndGlobalSection
	GlobalSection(SolutionProperties) = preSolution
		HideSolutionNode = FALSE
	EndGlobalSection
	GlobalSection(ExtensibilityGlobals) = postSolution
		SolutionGuid = {6C7C1244-965F-4FF6-BD6D-AF45F5BCB9FD}
	EndGlobalSection
EndGlobal
